
Microsoft Visual Studio Solution File, Format Version 12.00
# Visual Studio Version 16
VisualStudioVersion = 16.0.33801.447
MinimumVisualStudioVersion = 10.0.40219.1
Project("{FAE04EC0-301F-11D3-BF4B-00C04F79EFBC}") = "WindowsFormsApp4", "WindowsFormsApp4.csproj", "{66ABDE04-600B-40D8-85CD-98CA1E855278}"
EndProject
Global
	GlobalSection(SolutionConfigurationPlatforms) = preSolution
		Debug|Any CPU = Debug|Any CPU
		Release|Any CPU = Release|Any CPU
	EndGlobalSection
	GlobalSection(ProjectConfigurationPlatforms) = postSolution
		{66ABDE04-600B-40D8-85CD-98CA1E855278}.Debug|Any CPU.ActiveCfg = Debug|Any CPU
		{66ABDE04-600B-40D8-85CD-98CA1E855278}.Debug|Any CPU.Build.0 = Debug|Any CPU
		{66ABDE04-600B-40D8-85CD-98CA1E855278}.Release|Any CPU.ActiveCfg = Release|Any CPU
		{66ABDE04-600B-40D8-85CD-98CA1E855278}.Release|Any CPU.Build.0 = Release|Any CPU
	EndGlobalSection
	GlobalSection(SolutionProperties) = preSolution
		HideSolutionNode = FALSE
	EndGlobalSection
	GlobalSection(ExtensibilityGlobals) = postSolution
		SolutionGuid = {6E03BE85-F71C-4A7B-A2D6-B16B2D87962E}
	EndGlobalSection
EndGlobal
